
Microsoft Visual Studio Solution File, Format Version 12.00
# Visual Studio Version 17
VisualStudioVersion = 17.3.32825.248
MinimumVisualStudioVersion = 10.0.40219.1
Project("{FAE04EC0-301F-11D3-BF4B-00C04F79EFBC}") = "TenModule", "TenModule\TenModule.csproj", "{C60ADEE7-1304-4331-B168-3DC84DF76FBC}"
EndProject
Global
	GlobalSection(SolutionConfigurationPlatforms) = preSolution
		Debug|Any CPU = Debug|Any CPU
		Release|Any CPU = Release|Any CPU
	EndGlobalSection
	GlobalSection(ProjectConfigurationPlatforms) = postSolution
		{C60ADEE7-1304-4331-B168-3DC84DF76FBC}.Debug|Any CPU.ActiveCfg = Debug|Any CPU
		{C60ADEE7-1304-4331-B168-3DC84DF76FBC}.Debug|Any CPU.Build.0 = Debug|Any CPU
		{C60ADEE7-1304-4331-B168-3DC84DF76FBC}.Release|Any CPU.ActiveCfg = Release|Any CPU
		{C60ADEE7-1304-4331-B168-3DC84DF76FBC}.Release|Any CPU.Build.0 = Release|Any CPU
	EndGlobalSection
	GlobalSection(SolutionProperties) = preSolution
		HideSolutionNode = FALSE
	EndGlobalSection
	GlobalSection(ExtensibilityGlobals) = postSolution
		SolutionGuid = {69ABCEAD-75D9-42DD-BC91-026C0E2412E4}
	EndGlobalSection
EndGlobal
